// !$*UTF8*$!
{
	archiveVersion = 1;
	classes = {
	};
	objectVersion = 46;
	objects = {

/* Begin PBXBuildFile section */
		B6126AF71637AFDC00F2FDF0 /* ZYAppView.m in Sources */ = {isa = PBXBuildFile; fileRef = B6126AF61637AFDC00F2FDF0 /* ZYAppView.m */; };
		B6126AFB1637B4C000F2FDF0 /* ZYGridView.m in Sources */ = {isa = PBXBuildFile; fileRef = B6126AFA1637B4C000F2FDF0 /* ZYGridView.m */; };
		B619DBD0163A9CFD00D0CEAB /* ZYRightView.m in Sources */ = {isa = PBXBuildFile; fileRef = B619DBCF163A9CFD00D0CEAB /* ZYRightView.m */; };
		B6647847163A4BCA00EEB5D9 /* ZYCenterTableView.m in Sources */ = {isa = PBXBuildFile; fileRef = B6647846163A4BCA00EEB5D9 /* ZYCenterTableView.m */; };
		B667D8241638CA45003262E4 /* background01_bottom.png in Resources */ = {isa = PBXBuildFile; fileRef = B667D7FB1638CA45003262E4 /* background01_bottom.png */; };
		B667D8251638CA45003262E4 /* background01_column.png in Resources */ = {isa = PBXBuildFile; fileRef = B667D7FC1638CA45003262E4 /* background01_column.png */; };
		B667D8261638CA45003262E4 /* background01_column2.png in Resources */ = {isa = PBXBuildFile; fileRef = B667D7FD1638CA45003262E4 /* background01_column2.png */; };
		B667D8271638CA45003262E4 /* background01_left.png in Resources */ = {isa = PBXBuildFile; fileRef = B667D7FE1638CA45003262E4 /* background01_left.png */; };
		B667D8281638CA45003262E4 /* background01_right.png in Resources */ = {isa = PBXBuildFile; fileRef = B667D7FF1638CA45003262E4 /* background01_right.png */; };
		B667D8291638CA45003262E4 /* background01_top.png in Resources */ = {isa = PBXBuildFile; fileRef = B667D8001638CA45003262E4 /* background01_top.png */; };
		B667D82A1638CA45003262E4 /* background_01.png in Resources */ = {isa = PBXBuildFile; fileRef = B667D8011638CA45003262E4 /* background_01.png */; };
		B667D82B1638CA45003262E4 /* background_02.png in Resources */ = {isa = PBXBuildFile; fileRef = B667D8021638CA45003262E4 /* background_02.png */; };
		B667D82C1638CA45003262E4 /* background_03.png in Resources */ = {isa = PBXBuildFile; fileRef = B667D8031638CA45003262E4 /* background_03.png */; };
		B667D82D1638CA45003262E4 /* background_04.png in Resources */ = {isa = PBXBuildFile; fileRef = B667D8041638CA45003262E4 /* background_04.png */; };
		B667D82E1638CA45003262E4 /* background_05.png in Resources */ = {isa = PBXBuildFile; fileRef = B667D8051638CA45003262E4 /* background_05.png */; };
		B667D82F1638CA45003262E4 /* button-close.png in Resources */ = {isa = PBXBuildFile; fileRef = B667D8061638CA45003262E4 /* button-close.png */; };
		B667D8301638CA45003262E4 /* button_01.png in Resources */ = {isa = PBXBuildFile; fileRef = B667D8071638CA45003262E4 /* button_01.png */; };
		B667D8311638CA45003262E4 /* button_02.png in Resources */ = {isa = PBXBuildFile; fileRef = B667D8081638CA45003262E4 /* button_02.png */; };
		B667D8321638CA45003262E4 /* button_03.png in Resources */ = {isa = PBXBuildFile; fileRef = B667D8091638CA45003262E4 /* button_03.png */; };
		B667D8331638CA45003262E4 /* button_04.png in Resources */ = {isa = PBXBuildFile; fileRef = B667D80A1638CA45003262E4 /* button_04.png */; };
		B667D8341638CA45003262E4 /* button_plus.png in Resources */ = {isa = PBXBuildFile; fileRef = B667D80B1638CA45003262E4 /* button_plus.png */; };
		B667D8351638CA45003262E4 /* close.png in Resources */ = {isa = PBXBuildFile; fileRef = B667D80C1638CA45003262E4 /* close.png */; };
		B667D8361638CA45003262E4 /* course.png in Resources */ = {isa = PBXBuildFile; fileRef = B667D80D1638CA45003262E4 /* course.png */; };
		B667D8371638CA45003262E4 /* date.png in Resources */ = {isa = PBXBuildFile; fileRef = B667D80E1638CA45003262E4 /* date.png */; };
		B667D8381638CA45003262E4 /* icon01.png in Resources */ = {isa = PBXBuildFile; fileRef = B667D80F1638CA45003262E4 /* icon01.png */; };
		B667D8391638CA45003262E4 /* logo.png in Resources */ = {isa = PBXBuildFile; fileRef = B667D8101638CA45003262E4 /* logo.png */; };
		B667D83A1638CA45003262E4 /* refresh.png in Resources */ = {isa = PBXBuildFile; fileRef = B667D8111638CA45003262E4 /* refresh.png */; };
		B667D83B1638CA45003262E4 /* set-up.png in Resources */ = {isa = PBXBuildFile; fileRef = B667D8121638CA45003262E4 /* set-up.png */; };
		B667D83F1638CA45003262E4 /* background02.png in Resources */ = {isa = PBXBuildFile; fileRef = B667D8171638CA45003262E4 /* background02.png */; };
		B667D8401638CA45003262E4 /* background02_br.png in Resources */ = {isa = PBXBuildFile; fileRef = B667D8181638CA45003262E4 /* background02_br.png */; };
		B667D8411638CA45003262E4 /* background02_line.png in Resources */ = {isa = PBXBuildFile; fileRef = B667D8191638CA45003262E4 /* background02_line.png */; };
		B667D8421638CA45003262E4 /* background02_line2.png in Resources */ = {isa = PBXBuildFile; fileRef = B667D81A1638CA45003262E4 /* background02_line2.png */; };
		B667D8431638CA45003262E4 /* background02_shading.png in Resources */ = {isa = PBXBuildFile; fileRef = B667D81B1638CA45003262E4 /* background02_shading.png */; };
		B667D8441638CA45003262E4 /* file_br.png in Resources */ = {isa = PBXBuildFile; fileRef = B667D81C1638CA45003262E4 /* file_br.png */; };
		B667D8451638CA45003262E4 /* head.png in Resources */ = {isa = PBXBuildFile; fileRef = B667D81D1638CA45003262E4 /* head.png */; };
		B667D8461638CA45003262E4 /* title_br.png in Resources */ = {isa = PBXBuildFile; fileRef = B667D81E1638CA45003262E4 /* title_br.png */; };
		B667D8471638CA45003262E4 /* approval.png in Resources */ = {isa = PBXBuildFile; fileRef = B667D8201638CA45003262E4 /* approval.png */; };
		B667D8481638CA45003262E4 /* button-close2.png in Resources */ = {isa = PBXBuildFile; fileRef = B667D8211638CA45003262E4 /* button-close2.png */; };
		B667D8491638CA45003262E4 /* heart.png in Resources */ = {isa = PBXBuildFile; fileRef = B667D8221638CA45003262E4 /* heart.png */; };
		B667D84A1638CA45003262E4 /* narrow.png in Resources */ = {isa = PBXBuildFile; fileRef = B667D8231638CA45003262E4 /* narrow.png */; };
		B667D8501638D6DD003262E4 /* QuartzCore.framework in Frameworks */ = {isa = PBXBuildFile; fileRef = B667D84F1638D6DD003262E4 /* QuartzCore.framework */; };
		B667D8571638DBC2003262E4 /* title_1a.png in Resources */ = {isa = PBXBuildFile; fileRef = B667D8511638DBC2003262E4 /* title_1a.png */; };
		B667D8581638DBC2003262E4 /* title_1b.png in Resources */ = {isa = PBXBuildFile; fileRef = B667D8521638DBC2003262E4 /* title_1b.png */; };
		B667D8591638DBC2003262E4 /* title_2a.png in Resources */ = {isa = PBXBuildFile; fileRef = B667D8531638DBC2003262E4 /* title_2a.png */; };
		B667D85A1638DBC2003262E4 /* title_2b.png in Resources */ = {isa = PBXBuildFile; fileRef = B667D8541638DBC2003262E4 /* title_2b.png */; };
		B667D85B1638DBC2003262E4 /* title_3a.png in Resources */ = {isa = PBXBuildFile; fileRef = B667D8551638DBC2003262E4 /* title_3a.png */; };
		B667D85C1638DBC2003262E4 /* title_3b.png in Resources */ = {isa = PBXBuildFile; fileRef = B667D8561638DBC2003262E4 /* title_3b.png */; };
		B667D85E1638DC38003262E4 /* button_word.png in Resources */ = {isa = PBXBuildFile; fileRef = B667D85D1638DC38003262E4 /* button_word.png */; };
		B667D86116390DFC003262E4 /* ZYMenuView.m in Sources */ = {isa = PBXBuildFile; fileRef = B667D86016390DFC003262E4 /* ZYMenuView.m */; };
		B667D865163915B6003262E4 /* title_1.png in Resources */ = {isa = PBXBuildFile; fileRef = B667D862163915B6003262E4 /* title_1.png */; };
		B667D866163915B6003262E4 /* title_2.png in Resources */ = {isa = PBXBuildFile; fileRef = B667D863163915B6003262E4 /* title_2.png */; };
		B667D867163915B6003262E4 /* title_3.png in Resources */ = {isa = PBXBuildFile; fileRef = B667D864163915B6003262E4 /* title_3.png */; };
		B667D86A1639287E003262E4 /* ZYCenterView.m in Sources */ = {isa = PBXBuildFile; fileRef = B667D8691639287E003262E4 /* ZYCenterView.m */; };
		B676436D1641F7C0006D1B9F /* 在线调查.png in Resources */ = {isa = PBXBuildFile; fileRef = B676436B1641F7C0006D1B9F /* 在线调查.png */; };
		B676436E1641F7C0006D1B9F /* 在线考试.png in Resources */ = {isa = PBXBuildFile; fileRef = B676436C1641F7C0006D1B9F /* 在线考试.png */; };
		B67643711641F951006D1B9F /* title_4.png in Resources */ = {isa = PBXBuildFile; fileRef = B67643701641F951006D1B9F /* title_4.png */; };
		B676437316423D8F006D1B9F /* button_plus_big.png in Resources */ = {isa = PBXBuildFile; fileRef = B676437216423D8F006D1B9F /* button_plus_big.png */; };
		B676438A16426459006D1B9F /* NSString+RBExtras.m in Sources */ = {isa = PBXBuildFile; fileRef = B676437E16426459006D1B9F /* NSString+RBExtras.m */; };
		B676438B16426459006D1B9F /* NSURL+RBExtras.m in Sources */ = {isa = PBXBuildFile; fileRef = B676438016426459006D1B9F /* NSURL+RBExtras.m */; };
		B676438C16426459006D1B9F /* RBBaseFileGenerator.m in Sources */ = {isa = PBXBuildFile; fileRef = B676438216426459006D1B9F /* RBBaseFileGenerator.m */; };
		B676438D16426459006D1B9F /* RBFile.m in Sources */ = {isa = PBXBuildFile; fileRef = B676438416426459006D1B9F /* RBFile.m */; };
		B676438E16426459006D1B9F /* RBFilePreviewer.m in Sources */ = {isa = PBXBuildFile; fileRef = B676438716426459006D1B9F /* RBFilePreviewer.m */; };
		B676438F16426459006D1B9F /* UIImage+BBlock.m in Sources */ = {isa = PBXBuildFile; fileRef = B676438916426459006D1B9F /* UIImage+BBlock.m */; };
		B6764391164265BB006D1B9F /* TaoBao客户端高性能高稳定性应用框架 .pdf in Resources */ = {isa = PBXBuildFile; fileRef = B6764390164265BB006D1B9F /* TaoBao客户端高性能高稳定性应用框架 .pdf */; };
		B676439316426787006D1B9F /* QuickLook.framework in Frameworks */ = {isa = PBXBuildFile; fileRef = B676439216426787006D1B9F /* QuickLook.framework */; };
		B679616A16479FF6009498EE /* BoYuEdu.sqlite in Resources */ = {isa = PBXBuildFile; fileRef = B679616916479FF6009498EE /* BoYuEdu.sqlite */; };
		B67961751647A5CD009498EE /* libsqlite3.0.dylib in Frameworks */ = {isa = PBXBuildFile; fileRef = B67961741647A5CD009498EE /* libsqlite3.0.dylib */; };
		B67961781647D4BC009498EE /* Model_pExchangeRate.m in Sources */ = {isa = PBXBuildFile; fileRef = B67961771647D4BC009498EE /* Model_pExchangeRate.m */; };
		B679617B1647D579009498EE /* Model_pForwardExchangeRate.m in Sources */ = {isa = PBXBuildFile; fileRef = B679617A1647D579009498EE /* Model_pForwardExchangeRate.m */; };
		B679617E1647D5C0009498EE /* Model_pFund.m in Sources */ = {isa = PBXBuildFile; fileRef = B679617D1647D5C0009498EE /* Model_pFund.m */; };
		B67961811647D5FA009498EE /* Model_pInterestRate.m in Sources */ = {isa = PBXBuildFile; fileRef = B67961801647D5FA009498EE /* Model_pInterestRate.m */; };
		B67961841647D632009498EE /* Model_tAttch.m in Sources */ = {isa = PBXBuildFile; fileRef = B67961831647D632009498EE /* Model_tAttch.m */; };
		B67961871647D64B009498EE /* Model_tDic.m in Sources */ = {isa = PBXBuildFile; fileRef = B67961861647D64B009498EE /* Model_tDic.m */; };
		B679618A1647D672009498EE /* Model_tLesson.m in Sources */ = {isa = PBXBuildFile; fileRef = B67961891647D672009498EE /* Model_tLesson.m */; };
		B679618D1647D68B009498EE /* Model_tPara.m in Sources */ = {isa = PBXBuildFile; fileRef = B679618C1647D68B009498EE /* Model_tPara.m */; };
		B67961901647D6A5009498EE /* Model_tSearchAnswer.m in Sources */ = {isa = PBXBuildFile; fileRef = B679618F1647D6A4009498EE /* Model_tSearchAnswer.m */; };
		B67961931647D6C0009498EE /* Model_tSearchOption.m in Sources */ = {isa = PBXBuildFile; fileRef = B67961921647D6C0009498EE /* Model_tSearchOption.m */; };
		B67961961647D6DA009498EE /* Model_tSearchQuestion.m in Sources */ = {isa = PBXBuildFile; fileRef = B67961951647D6DA009498EE /* Model_tSearchQuestion.m */; };
		B67961991647D6FB009498EE /* Model_tSearchTopic.m in Sources */ = {isa = PBXBuildFile; fileRef = B67961981647D6FB009498EE /* Model_tSearchTopic.m */; };
		B679619C1647D70F009498EE /* Model_tStudent.m in Sources */ = {isa = PBXBuildFile; fileRef = B679619B1647D70E009498EE /* Model_tStudent.m */; };
		B679619F1647D724009498EE /* Model_tTeacher.m in Sources */ = {isa = PBXBuildFile; fileRef = B679619E1647D723009498EE /* Model_tTeacher.m */; };
		B67961A21647D737009498EE /* Model_tTrain.m in Sources */ = {isa = PBXBuildFile; fileRef = B67961A11647D737009498EE /* Model_tTrain.m */; };
		B67961A51647D749009498EE /* Model_tTrainday.m in Sources */ = {isa = PBXBuildFile; fileRef = B67961A41647D749009498EE /* Model_tTrainday.m */; };
		B69DAC2B163665C700CB4AA7 /* UIKit.framework in Frameworks */ = {isa = PBXBuildFile; fileRef = B69DAC2A163665C700CB4AA7 /* UIKit.framework */; };
		B69DAC2D163665C700CB4AA7 /* Foundation.framework in Frameworks */ = {isa = PBXBuildFile; fileRef = B69DAC2C163665C700CB4AA7 /* Foundation.framework */; };
		B69DAC2F163665C700CB4AA7 /* CoreGraphics.framework in Frameworks */ = {isa = PBXBuildFile; fileRef = B69DAC2E163665C700CB4AA7 /* CoreGraphics.framework */; };
		B69DAC35163665C700CB4AA7 /* InfoPlist.strings in Resources */ = {isa = PBXBuildFile; fileRef = B69DAC33163665C700CB4AA7 /* InfoPlist.strings */; };
		B69DAC37163665C700CB4AA7 /* main.m in Sources */ = {isa = PBXBuildFile; fileRef = B69DAC36163665C700CB4AA7 /* main.m */; };
		B69DAC3B163665C700CB4AA7 /* ZYAppDelegate.m in Sources */ = {isa = PBXBuildFile; fileRef = B69DAC3A163665C700CB4AA7 /* ZYAppDelegate.m */; };
		B69DAC3E163665C700CB4AA7 /* MainStoryboard.storyboard in Resources */ = {isa = PBXBuildFile; fileRef = B69DAC3C163665C700CB4AA7 /* MainStoryboard.storyboard */; };
		B69DAC41163665C700CB4AA7 /* ZYViewController.m in Sources */ = {isa = PBXBuildFile; fileRef = B69DAC40163665C700CB4AA7 /* ZYViewController.m */; };
		B6BA6E40163F75060019646D /* ZYTableViewCell.m in Sources */ = {isa = PBXBuildFile; fileRef = B6BA6E3F163F75060019646D /* ZYTableViewCell.m */; };
		B6BF536C16478000001CA513 /* FMDatabase.m in Sources */ = {isa = PBXBuildFile; fileRef = B6BF536216478000001CA513 /* FMDatabase.m */; };
		B6BF536D16478000001CA513 /* FMDatabaseAdditions.m in Sources */ = {isa = PBXBuildFile; fileRef = B6BF536416478000001CA513 /* FMDatabaseAdditions.m */; };
		B6BF536E16478000001CA513 /* FMDatabasePool.m in Sources */ = {isa = PBXBuildFile; fileRef = B6BF536616478000001CA513 /* FMDatabasePool.m */; };
		B6BF536F16478000001CA513 /* FMDatabaseQueue.m in Sources */ = {isa = PBXBuildFile; fileRef = B6BF536816478000001CA513 /* FMDatabaseQueue.m */; };
		B6BF537116478000001CA513 /* FMResultSet.m in Sources */ = {isa = PBXBuildFile; fileRef = B6BF536B16478000001CA513 /* FMResultSet.m */; };
		B6BF537C16478A0A001CA513 /* ZYTestDAO.m in Sources */ = {isa = PBXBuildFile; fileRef = B6BF537B16478A0A001CA513 /* ZYTestDAO.m */; };
		B6BF538016478D50001CA513 /* ZYTestModel.m in Sources */ = {isa = PBXBuildFile; fileRef = B6BF537F16478D50001CA513 /* ZYTestModel.m */; };
		B6BF5383164795B0001CA513 /* BaseDao.m in Sources */ = {isa = PBXBuildFile; fileRef = B6BF5382164795B0001CA513 /* BaseDao.m */; };
		B6D652BA163B9E6100F888DF /* ZYRightViewController.m in Sources */ = {isa = PBXBuildFile; fileRef = B6D652B9163B9E6100F888DF /* ZYRightViewController.m */; };
		B6DC6609163EACDA00244922 /* ZYSettingViewController.m in Sources */ = {isa = PBXBuildFile; fileRef = B6DC6608163EACDA00244922 /* ZYSettingViewController.m */; };
/* End PBXBuildFile section */

/* Begin PBXFileReference section */
		B6126AF51637AFDC00F2FDF0 /* ZYAppView.h */ = {isa = PBXFileReference; fileEncoding = 4; lastKnownFileType = sourcecode.c.h; path = ZYAppView.h; sourceTree = "<group>"; };
		B6126AF61637AFDC00F2FDF0 /* ZYAppView.m */ = {isa = PBXFileReference; fileEncoding = 4; lastKnownFileType = sourcecode.c.objc; path = ZYAppView.m; sourceTree = "<group>"; };
		B6126AF91637B4C000F2FDF0 /* ZYGridView.h */ = {isa = PBXFileReference; fileEncoding = 4; lastKnownFileType = sourcecode.c.h; path = ZYGridView.h; sourceTree = "<group>"; };
		B6126AFA1637B4C000F2FDF0 /* ZYGridView.m */ = {isa = PBXFileReference; fileEncoding = 4; lastKnownFileType = sourcecode.c.objc; path = ZYGridView.m; sourceTree = "<group>"; };
		B619DBCE163A9CFD00D0CEAB /* ZYRightView.h */ = {isa = PBXFileReference; fileEncoding = 4; lastKnownFileType = sourcecode.c.h; path = ZYRightView.h; sourceTree = "<group>"; };
		B619DBCF163A9CFD00D0CEAB /* ZYRightView.m */ = {isa = PBXFileReference; fileEncoding = 4; lastKnownFileType = sourcecode.c.objc; path = ZYRightView.m; sourceTree = "<group>"; };
		B6647845163A4BCA00EEB5D9 /* ZYCenterTableView.h */ = {isa = PBXFileReference; fileEncoding = 4; lastKnownFileType = sourcecode.c.h; path = ZYCenterTableView.h; sourceTree = "<group>"; };
		B6647846163A4BCA00EEB5D9 /* ZYCenterTableView.m */ = {isa = PBXFileReference; fileEncoding = 4; lastKnownFileType = sourcecode.c.objc; path = ZYCenterTableView.m; sourceTree = "<group>"; };
		B667D7FB1638CA45003262E4 /* background01_bottom.png */ = {isa = PBXFileReference; lastKnownFileType = image.png; path = background01_bottom.png; sourceTree = "<group>"; };
		B667D7FC1638CA45003262E4 /* background01_column.png */ = {isa = PBXFileReference; lastKnownFileType = image.png; path = background01_column.png; sourceTree = "<group>"; };
		B667D7FD1638CA45003262E4 /* background01_column2.png */ = {isa = PBXFileReference; lastKnownFileType = image.png; path = background01_column2.png; sourceTree = "<group>"; };
		B667D7FE1638CA45003262E4 /* background01_left.png */ = {isa = PBXFileReference; lastKnownFileType = image.png; path = background01_left.png; sourceTree = "<group>"; };
		B667D7FF1638CA45003262E4 /* background01_right.png */ = {isa = PBXFileReference; lastKnownFileType = image.png; path = background01_right.png; sourceTree = "<group>"; };
		B667D8001638CA45003262E4 /* background01_top.png */ = {isa = PBXFileReference; lastKnownFileType = image.png; path = background01_top.png; sourceTree = "<group>"; };
		B667D8011638CA45003262E4 /* background_01.png */ = {isa = PBXFileReference; lastKnownFileType = image.png; path = background_01.png; sourceTree = "<group>"; };
		B667D8021638CA45003262E4 /* background_02.png */ = {isa = PBXFileReference; lastKnownFileType = image.png; path = background_02.png; sourceTree = "<group>"; };
		B667D8031638CA45003262E4 /* background_03.png */ = {isa = PBXFileReference; lastKnownFileType = image.png; path = background_03.png; sourceTree = "<group>"; };
		B667D8041638CA45003262E4 /* background_04.png */ = {isa = PBXFileReference; lastKnownFileType = image.png; path = background_04.png; sourceTree = "<group>"; };
		B667D8051638CA45003262E4 /* background_05.png */ = {isa = PBXFileReference; lastKnownFileType = image.png; path = background_05.png; sourceTree = "<group>"; };
		B667D8061638CA45003262E4 /* button-close.png */ = {isa = PBXFileReference; lastKnownFileType = image.png; path = "button-close.png"; sourceTree = "<group>"; };
		B667D8071638CA45003262E4 /* button_01.png */ = {isa = PBXFileReference; lastKnownFileType = image.png; path = button_01.png; sourceTree = "<group>"; };
		B667D8081638CA45003262E4 /* button_02.png */ = {isa = PBXFileReference; lastKnownFileType = image.png; path = button_02.png; sourceTree = "<group>"; };
		B667D8091638CA45003262E4 /* button_03.png */ = {isa = PBXFileReference; lastKnownFileType = image.png; path = button_03.png; sourceTree = "<group>"; };
		B667D80A1638CA45003262E4 /* button_04.png */ = {isa = PBXFileReference; lastKnownFileType = image.png; path = button_04.png; sourceTree = "<group>"; };
		B667D80B1638CA45003262E4 /* button_plus.png */ = {isa = PBXFileReference; lastKnownFileType = image.png; path = button_plus.png; sourceTree = "<group>"; };
		B667D80C1638CA45003262E4 /* close.png */ = {isa = PBXFileReference; lastKnownFileType = image.png; path = close.png; sourceTree = "<group>"; };
		B667D80D1638CA45003262E4 /* course.png */ = {isa = PBXFileReference; lastKnownFileType = image.png; path = course.png; sourceTree = "<group>"; };
		B667D80E1638CA45003262E4 /* date.png */ = {isa = PBXFileReference; lastKnownFileType = image.png; path = date.png; sourceTree = "<group>"; };
		B667D80F1638CA45003262E4 /* icon01.png */ = {isa = PBXFileReference; lastKnownFileType = image.png; path = icon01.png; sourceTree = "<group>"; };
		B667D8101638CA45003262E4 /* logo.png */ = {isa = PBXFileReference; lastKnownFileType = image.png; path = logo.png; sourceTree = "<group>"; };
		B667D8111638CA45003262E4 /* refresh.png */ = {isa = PBXFileReference; lastKnownFileType = image.png; path = refresh.png; sourceTree = "<group>"; };
		B667D8121638CA45003262E4 /* set-up.png */ = {isa = PBXFileReference; lastKnownFileType = image.png; path = "set-up.png"; sourceTree = "<group>"; };
		B667D8171638CA45003262E4 /* background02.png */ = {isa = PBXFileReference; lastKnownFileType = image.png; path = background02.png; sourceTree = "<group>"; };
		B667D8181638CA45003262E4 /* background02_br.png */ = {isa = PBXFileReference; lastKnownFileType = image.png; path = background02_br.png; sourceTree = "<group>"; };
		B667D8191638CA45003262E4 /* background02_line.png */ = {isa = PBXFileReference; lastKnownFileType = image.png; path = background02_line.png; sourceTree = "<group>"; };
		B667D81A1638CA45003262E4 /* background02_line2.png */ = {isa = PBXFileReference; lastKnownFileType = image.png; path = background02_line2.png; sourceTree = "<group>"; };
		B667D81B1638CA45003262E4 /* background02_shading.png */ = {isa = PBXFileReference; lastKnownFileType = image.png; path = background02_shading.png; sourceTree = "<group>"; };
		B667D81C1638CA45003262E4 /* file_br.png */ = {isa = PBXFileReference; lastKnownFileType = image.png; path = file_br.png; sourceTree = "<group>"; };
		B667D81D1638CA45003262E4 /* head.png */ = {isa = PBXFileReference; lastKnownFileType = image.png; path = head.png; sourceTree = "<group>"; };
		B667D81E1638CA45003262E4 /* title_br.png */ = {isa = PBXFileReference; lastKnownFileType = image.png; path = title_br.png; sourceTree = "<group>"; };
		B667D8201638CA45003262E4 /* approval.png */ = {isa = PBXFileReference; lastKnownFileType = image.png; path = approval.png; sourceTree = "<group>"; };
		B667D8211638CA45003262E4 /* button-close2.png */ = {isa = PBXFileReference; lastKnownFileType = image.png; path = "button-close2.png"; sourceTree = "<group>"; };
		B667D8221638CA45003262E4 /* heart.png */ = {isa = PBXFileReference; lastKnownFileType = image.png; path = heart.png; sourceTree = "<group>"; };
		B667D8231638CA45003262E4 /* narrow.png */ = {isa = PBXFileReference; lastKnownFileType = image.png; path = narrow.png; sourceTree = "<group>"; };
		B667D84F1638D6DD003262E4 /* QuartzCore.framework */ = {isa = PBXFileReference; lastKnownFileType = wrapper.framework; name = QuartzCore.framework; path = System/Library/Frameworks/QuartzCore.framework; sourceTree = SDKROOT; };
		B667D8511638DBC2003262E4 /* title_1a.png */ = {isa = PBXFileReference; lastKnownFileType = image.png; path = title_1a.png; sourceTree = "<group>"; };
		B667D8521638DBC2003262E4 /* title_1b.png */ = {isa = PBXFileReference; lastKnownFileType = image.png; path = title_1b.png; sourceTree = "<group>"; };
		B667D8531638DBC2003262E4 /* title_2a.png */ = {isa = PBXFileReference; lastKnownFileType = image.png; path = title_2a.png; sourceTree = "<group>"; };
		B667D8541638DBC2003262E4 /* title_2b.png */ = {isa = PBXFileReference; lastKnownFileType = image.png; path = title_2b.png; sourceTree = "<group>"; };
		B667D8551638DBC2003262E4 /* title_3a.png */ = {isa = PBXFileReference; lastKnownFileType = image.png; path = title_3a.png; sourceTree = "<group>"; };
		B667D8561638DBC2003262E4 /* title_3b.png */ = {isa = PBXFileReference; lastKnownFileType = image.png; path = title_3b.png; sourceTree = "<group>"; };
		B667D85D1638DC38003262E4 /* button_word.png */ = {isa = PBXFileReference; lastKnownFileType = image.png; path = button_word.png; sourceTree = "<group>"; };
		B667D85F16390DFC003262E4 /* ZYMenuView.h */ = {isa = PBXFileReference; fileEncoding = 4; lastKnownFileType = sourcecode.c.h; path = ZYMenuView.h; sourceTree = "<group>"; };
		B667D86016390DFC003262E4 /* ZYMenuView.m */ = {isa = PBXFileReference; fileEncoding = 4; lastKnownFileType = sourcecode.c.objc; path = ZYMenuView.m; sourceTree = "<group>"; };
		B667D862163915B6003262E4 /* title_1.png */ = {isa = PBXFileReference; lastKnownFileType = image.png; path = title_1.png; sourceTree = "<group>"; };
		B667D863163915B6003262E4 /* title_2.png */ = {isa = PBXFileReference; lastKnownFileType = image.png; path = title_2.png; sourceTree = "<group>"; };
		B667D864163915B6003262E4 /* title_3.png */ = {isa = PBXFileReference; lastKnownFileType = image.png; path = title_3.png; sourceTree = "<group>"; };
		B667D8681639287E003262E4 /* ZYCenterView.h */ = {isa = PBXFileReference; fileEncoding = 4; lastKnownFileType = sourcecode.c.h; path = ZYCenterView.h; sourceTree = "<group>"; };
		B667D8691639287E003262E4 /* ZYCenterView.m */ = {isa = PBXFileReference; fileEncoding = 4; lastKnownFileType = sourcecode.c.objc; path = ZYCenterView.m; sourceTree = "<group>"; };
		B676436B1641F7C0006D1B9F /* 在线调查.png */ = {isa = PBXFileReference; lastKnownFileType = image.png; path = "在线调查.png"; sourceTree = "<group>"; };
		B676436C1641F7C0006D1B9F /* 在线考试.png */ = {isa = PBXFileReference; lastKnownFileType = image.png; path = "在线考试.png"; sourceTree = "<group>"; };
		B67643701641F951006D1B9F /* title_4.png */ = {isa = PBXFileReference; lastKnownFileType = image.png; path = title_4.png; sourceTree = "<group>"; };
		B676437216423D8F006D1B9F /* button_plus_big.png */ = {isa = PBXFileReference; lastKnownFileType = image.png; path = button_plus_big.png; sourceTree = "<group>"; };
		B676437916425470006D1B9F /* zh-Hans */ = {isa = PBXFileReference; lastKnownFileType = text.plist.strings; name = "zh-Hans"; path = "/Xcode_Workspace/BoYuEducation/BoYuEducation/zh-Hans.lproj/InfoPlist.strings"; sourceTree = "<absolute>"; };
		B676437A16425470006D1B9F /* zh-Hans */ = {isa = PBXFileReference; lastKnownFileType = file.storyboard; name = "zh-Hans"; path = "/Xcode_Workspace/BoYuEducation/BoYuEducation/zh-Hans.lproj/MainStoryboard.storyboard"; sourceTree = "<absolute>"; };
		B676437D16426459006D1B9F /* NSString+RBExtras.h */ = {isa = PBXFileReference; fileEncoding = 4; lastKnownFileType = sourcecode.c.h; path = "NSString+RBExtras.h"; sourceTree = "<group>"; };
		B676437E16426459006D1B9F /* NSString+RBExtras.m */ = {isa = PBXFileReference; fileEncoding = 4; lastKnownFileType = sourcecode.c.objc; path = "NSString+RBExtras.m"; sourceTree = "<group>"; };
		B676437F16426459006D1B9F /* NSURL+RBExtras.h */ = {isa = PBXFileReference; fileEncoding = 4; lastKnownFileType = sourcecode.c.h; path = "NSURL+RBExtras.h"; sourceTree = "<group>"; };
		B676438016426459006D1B9F /* NSURL+RBExtras.m */ = {isa = PBXFileReference; fileEncoding = 4; lastKnownFileType = sourcecode.c.objc; path = "NSURL+RBExtras.m"; sourceTree = "<group>"; };
		B676438116426459006D1B9F /* RBBaseFileGenerator.h */ = {isa = PBXFileReference; fileEncoding = 4; lastKnownFileType = sourcecode.c.h; path = RBBaseFileGenerator.h; sourceTree = "<group>"; };
		B676438216426459006D1B9F /* RBBaseFileGenerator.m */ = {isa = PBXFileReference; fileEncoding = 4; lastKnownFileType = sourcecode.c.objc; path = RBBaseFileGenerator.m; sourceTree = "<group>"; };
		B676438316426459006D1B9F /* RBFile.h */ = {isa = PBXFileReference; fileEncoding = 4; lastKnownFileType = sourcecode.c.h; path = RBFile.h; sourceTree = "<group>"; };
		B676438416426459006D1B9F /* RBFile.m */ = {isa = PBXFileReference; fileEncoding = 4; lastKnownFileType = sourcecode.c.objc; path = RBFile.m; sourceTree = "<group>"; };
		B676438516426459006D1B9F /* RBFileGenerator.h */ = {isa = PBXFileReference; fileEncoding = 4; lastKnownFileType = sourcecode.c.h; path = RBFileGenerator.h; sourceTree = "<group>"; };
		B676438616426459006D1B9F /* RBFilePreviewer.h */ = {isa = PBXFileReference; fileEncoding = 4; lastKnownFileType = sourcecode.c.h; path = RBFilePreviewer.h; sourceTree = "<group>"; };
		B676438716426459006D1B9F /* RBFilePreviewer.m */ = {isa = PBXFileReference; fileEncoding = 4; lastKnownFileType = sourcecode.c.objc; path = RBFilePreviewer.m; sourceTree = "<group>"; };
		B676438816426459006D1B9F /* UIImage+BBlock.h */ = {isa = PBXFileReference; fileEncoding = 4; lastKnownFileType = sourcecode.c.h; path = "UIImage+BBlock.h"; sourceTree = "<group>"; };
		B676438916426459006D1B9F /* UIImage+BBlock.m */ = {isa = PBXFileReference; fileEncoding = 4; lastKnownFileType = sourcecode.c.objc; path = "UIImage+BBlock.m"; sourceTree = "<group>"; };
		B6764390164265BB006D1B9F /* TaoBao客户端高性能高稳定性应用框架 .pdf */ = {isa = PBXFileReference; lastKnownFileType = image.pdf; path = "TaoBao客户端高性能高稳定性应用框架 .pdf"; sourceTree = "<group>"; };
		B676439216426787006D1B9F /* QuickLook.framework */ = {isa = PBXFileReference; lastKnownFileType = wrapper.framework; name = QuickLook.framework; path = System/Library/Frameworks/QuickLook.framework; sourceTree = SDKROOT; };
		B679616916479FF6009498EE /* BoYuEdu.sqlite */ = {isa = PBXFileReference; lastKnownFileType = file; path = BoYuEdu.sqlite; sourceTree = "<group>"; };
		B67961741647A5CD009498EE /* libsqlite3.0.dylib */ = {isa = PBXFileReference; lastKnownFileType = "compiled.mach-o.dylib"; name = libsqlite3.0.dylib; path = usr/lib/libsqlite3.0.dylib; sourceTree = SDKROOT; };
		B67961761647D4BC009498EE /* Model_pExchangeRate.h */ = {isa = PBXFileReference; fileEncoding = 4; lastKnownFileType = sourcecode.c.h; name = Model_pExchangeRate.h; path = model/Model_pExchangeRate.h; sourceTree = "<group>"; };
		B67961771647D4BC009498EE /* Model_pExchangeRate.m */ = {isa = PBXFileReference; fileEncoding = 4; lastKnownFileType = sourcecode.c.objc; name = Model_pExchangeRate.m; path = model/Model_pExchangeRate.m; sourceTree = "<group>"; };
		B67961791647D579009498EE /* Model_pForwardExchangeRate.h */ = {isa = PBXFileReference; fileEncoding = 4; lastKnownFileType = sourcecode.c.h; name = Model_pForwardExchangeRate.h; path = model/Model_pForwardExchangeRate.h; sourceTree = "<group>"; };
		B679617A1647D579009498EE /* Model_pForwardExchangeRate.m */ = {isa = PBXFileReference; fileEncoding = 4; lastKnownFileType = sourcecode.c.objc; name = Model_pForwardExchangeRate.m; path = model/Model_pForwardExchangeRate.m; sourceTree = "<group>"; };
		B679617C1647D5C0009498EE /* Model_pFund.h */ = {isa = PBXFileReference; fileEncoding = 4; lastKnownFileType = sourcecode.c.h; name = Model_pFund.h; path = model/Model_pFund.h; sourceTree = "<group>"; };
		B679617D1647D5C0009498EE /* Model_pFund.m */ = {isa = PBXFileReference; fileEncoding = 4; lastKnownFileType = sourcecode.c.objc; name = Model_pFund.m; path = model/Model_pFund.m; sourceTree = "<group>"; };
		B679617F1647D5FA009498EE /* Model_pInterestRate.h */ = {isa = PBXFileReference; fileEncoding = 4; lastKnownFileType = sourcecode.c.h; name = Model_pInterestRate.h; path = model/Model_pInterestRate.h; sourceTree = "<group>"; };
		B67961801647D5FA009498EE /* Model_pInterestRate.m */ = {isa = PBXFileReference; fileEncoding = 4; lastKnownFileType = sourcecode.c.objc; name = Model_pInterestRate.m; path = model/Model_pInterestRate.m; sourceTree = "<group>"; };
		B67961821647D632009498EE /* Model_tAttch.h */ = {isa = PBXFileReference; fileEncoding = 4; lastKnownFileType = sourcecode.c.h; name = Model_tAttch.h; path = model/Model_tAttch.h; sourceTree = "<group>"; };
		B67961831647D632009498EE /* Model_tAttch.m */ = {isa = PBXFileReference; fileEncoding = 4; lastKnownFileType = sourcecode.c.objc; name = Model_tAttch.m; path = model/Model_tAttch.m; sourceTree = "<group>"; };
		B67961851647D64B009498EE /* Model_tDic.h */ = {isa = PBXFileReference; fileEncoding = 4; lastKnownFileType = sourcecode.c.h; name = Model_tDic.h; path = model/Model_tDic.h; sourceTree = "<group>"; };
		B67961861647D64B009498EE /* Model_tDic.m */ = {isa = PBXFileReference; fileEncoding = 4; lastKnownFileType = sourcecode.c.objc; name = Model_tDic.m; path = model/Model_tDic.m; sourceTree = "<group>"; };
		B67961881647D672009498EE /* Model_tLesson.h */ = {isa = PBXFileReference; fileEncoding = 4; lastKnownFileType = sourcecode.c.h; name = Model_tLesson.h; path = model/Model_tLesson.h; sourceTree = "<group>"; };
		B67961891647D672009498EE /* Model_tLesson.m */ = {isa = PBXFileReference; fileEncoding = 4; lastKnownFileType = sourcecode.c.objc; name = Model_tLesson.m; path = model/Model_tLesson.m; sourceTree = "<group>"; };
		B679618B1647D68B009498EE /* Model_tPara.h */ = {isa = PBXFileReference; fileEncoding = 4; lastKnownFileType = sourcecode.c.h; name = Model_tPara.h; path = model/Model_tPara.h; sourceTree = "<group>"; };
		B679618C1647D68B009498EE /* Model_tPara.m */ = {isa = PBXFileReference; fileEncoding = 4; lastKnownFileType = sourcecode.c.objc; name = Model_tPara.m; path = model/Model_tPara.m; sourceTree = "<group>"; };
		B679618E1647D6A4009498EE /* Model_tSearchAnswer.h */ = {isa = PBXFileReference; fileEncoding = 4; lastKnownFileType = sourcecode.c.h; name = Model_tSearchAnswer.h; path = model/Model_tSearchAnswer.h; sourceTree = "<group>"; };
		B679618F1647D6A4009498EE /* Model_tSearchAnswer.m */ = {isa = PBXFileReference; fileEncoding = 4; lastKnownFileType = sourcecode.c.objc; name = Model_tSearchAnswer.m; path = model/Model_tSearchAnswer.m; sourceTree = "<group>"; };
		B67961911647D6BF009498EE /* Model_tSearchOption.h */ = {isa = PBXFileReference; fileEncoding = 4; lastKnownFileType = sourcecode.c.h; name = Model_tSearchOption.h; path = model/Model_tSearchOption.h; sourceTree = "<group>"; };
		B67961921647D6C0009498EE /* Model_tSearchOption.m */ = {isa = PBXFileReference; fileEncoding = 4; lastKnownFileType = sourcecode.c.objc; name = Model_tSearchOption.m; path = model/Model_tSearchOption.m; sourceTree = "<group>"; };
		B67961941647D6DA009498EE /* Model_tSearchQuestion.h */ = {isa = PBXFileReference; fileEncoding = 4; lastKnownFileType = sourcecode.c.h; name = Model_tSearchQuestion.h; path = model/Model_tSearchQuestion.h; sourceTree = "<group>"; };
		B67961951647D6DA009498EE /* Model_tSearchQuestion.m */ = {isa = PBXFileReference; fileEncoding = 4; lastKnownFileType = sourcecode.c.objc; name = Model_tSearchQuestion.m; path = model/Model_tSearchQuestion.m; sourceTree = "<group>"; };
		B67961971647D6FB009498EE /* Model_tSearchTopic.h */ = {isa = PBXFileReference; fileEncoding = 4; lastKnownFileType = sourcecode.c.h; name = Model_tSearchTopic.h; path = model/Model_tSearchTopic.h; sourceTree = "<group>"; };
		B67961981647D6FB009498EE /* Model_tSearchTopic.m */ = {isa = PBXFileReference; fileEncoding = 4; lastKnownFileType = sourcecode.c.objc; name = Model_tSearchTopic.m; path = model/Model_tSearchTopic.m; sourceTree = "<group>"; };
		B679619A1647D70E009498EE /* Model_tStudent.h */ = {isa = PBXFileReference; fileEncoding = 4; lastKnownFileType = sourcecode.c.h; name = Model_tStudent.h; path = model/Model_tStudent.h; sourceTree = "<group>"; };
		B679619B1647D70E009498EE /* Model_tStudent.m */ = {isa = PBXFileReference; fileEncoding = 4; lastKnownFileType = sourcecode.c.objc; name = Model_tStudent.m; path = model/Model_tStudent.m; sourceTree = "<group>"; };
		B679619D1647D723009498EE /* Model_tTeacher.h */ = {isa = PBXFileReference; fileEncoding = 4; lastKnownFileType = sourcecode.c.h; name = Model_tTeacher.h; path = model/Model_tTeacher.h; sourceTree = "<group>"; };
		B679619E1647D723009498EE /* Model_tTeacher.m */ = {isa = PBXFileReference; fileEncoding = 4; lastKnownFileType = sourcecode.c.objc; name = Model_tTeacher.m; path = model/Model_tTeacher.m; sourceTree = "<group>"; };
		B67961A01647D736009498EE /* Model_tTrain.h */ = {isa = PBXFileReference; fileEncoding = 4; lastKnownFileType = sourcecode.c.h; name = Model_tTrain.h; path = model/Model_tTrain.h; sourceTree = "<group>"; };
		B67961A11647D737009498EE /* Model_tTrain.m */ = {isa = PBXFileReference; fileEncoding = 4; lastKnownFileType = sourcecode.c.objc; name = Model_tTrain.m; path = model/Model_tTrain.m; sourceTree = "<group>"; };
		B67961A31647D748009498EE /* Model_tTrainday.h */ = {isa = PBXFileReference; fileEncoding = 4; lastKnownFileType = sourcecode.c.h; name = Model_tTrainday.h; path = model/Model_tTrainday.h; sourceTree = "<group>"; };
		B67961A41647D749009498EE /* Model_tTrainday.m */ = {isa = PBXFileReference; fileEncoding = 4; lastKnownFileType = sourcecode.c.objc; name = Model_tTrainday.m; path = model/Model_tTrainday.m; sourceTree = "<group>"; };
		B69DAC26163665C700CB4AA7 /* BoYuEducation.app */ = {isa = PBXFileReference; explicitFileType = wrapper.application; includeInIndex = 0; path = BoYuEducation.app; sourceTree = BUILT_PRODUCTS_DIR; };
		B69DAC2A163665C700CB4AA7 /* UIKit.framework */ = {isa = PBXFileReference; lastKnownFileType = wrapper.framework; name = UIKit.framework; path = System/Library/Frameworks/UIKit.framework; sourceTree = SDKROOT; };
		B69DAC2C163665C700CB4AA7 /* Foundation.framework */ = {isa = PBXFileReference; lastKnownFileType = wrapper.framework; name = Foundation.framework; path = System/Library/Frameworks/Foundation.framework; sourceTree = SDKROOT; };
		B69DAC2E163665C700CB4AA7 /* CoreGraphics.framework */ = {isa = PBXFileReference; lastKnownFileType = wrapper.framework; name = CoreGraphics.framework; path = System/Library/Frameworks/CoreGraphics.framework; sourceTree = SDKROOT; };
		B69DAC32163665C700CB4AA7 /* BoYuEducation-Info.plist */ = {isa = PBXFileReference; lastKnownFileType = text.plist.xml; path = "BoYuEducation-Info.plist"; sourceTree = "<group>"; };
		B69DAC34163665C700CB4AA7 /* en */ = {isa = PBXFileReference; lastKnownFileType = text.plist.strings; name = en; path = en.lproj/InfoPlist.strings; sourceTree = "<group>"; };
		B69DAC36163665C700CB4AA7 /* main.m */ = {isa = PBXFileReference; lastKnownFileType = sourcecode.c.objc; path = main.m; sourceTree = "<group>"; };
		B69DAC38163665C700CB4AA7 /* BoYuEducation-Prefix.pch */ = {isa = PBXFileReference; lastKnownFileType = sourcecode.c.h; path = "BoYuEducation-Prefix.pch"; sourceTree = "<group>"; };
		B69DAC39163665C700CB4AA7 /* ZYAppDelegate.h */ = {isa = PBXFileReference; lastKnownFileType = sourcecode.c.h; path = ZYAppDelegate.h; sourceTree = "<group>"; };
		B69DAC3A163665C700CB4AA7 /* ZYAppDelegate.m */ = {isa = PBXFileReference; lastKnownFileType = sourcecode.c.objc; path = ZYAppDelegate.m; sourceTree = "<group>"; };
		B69DAC3D163665C700CB4AA7 /* en */ = {isa = PBXFileReference; lastKnownFileType = file.storyboard; name = en; path = en.lproj/MainStoryboard.storyboard; sourceTree = "<group>"; };
		B69DAC3F163665C700CB4AA7 /* ZYViewController.h */ = {isa = PBXFileReference; lastKnownFileType = sourcecode.c.h; path = ZYViewController.h; sourceTree = "<group>"; };
		B69DAC40163665C700CB4AA7 /* ZYViewController.m */ = {isa = PBXFileReference; lastKnownFileType = sourcecode.c.objc; path = ZYViewController.m; sourceTree = "<group>"; };
		B6BA6E3E163F75060019646D /* ZYTableViewCell.h */ = {isa = PBXFileReference; fileEncoding = 4; lastKnownFileType = sourcecode.c.h; path = ZYTableViewCell.h; sourceTree = "<group>"; };
		B6BA6E3F163F75060019646D /* ZYTableViewCell.m */ = {isa = PBXFileReference; fileEncoding = 4; lastKnownFileType = sourcecode.c.objc; path = ZYTableViewCell.m; sourceTree = "<group>"; };
		B6BF536116478000001CA513 /* FMDatabase.h */ = {isa = PBXFileReference; fileEncoding = 4; lastKnownFileType = sourcecode.c.h; path = FMDatabase.h; sourceTree = "<group>"; };
		B6BF536216478000001CA513 /* FMDatabase.m */ = {isa = PBXFileReference; fileEncoding = 4; lastKnownFileType = sourcecode.c.objc; path = FMDatabase.m; sourceTree = "<group>"; };
		B6BF536316478000001CA513 /* FMDatabaseAdditions.h */ = {isa = PBXFileReference; fileEncoding = 4; lastKnownFileType = sourcecode.c.h; path = FMDatabaseAdditions.h; sourceTree = "<group>"; };
		B6BF536416478000001CA513 /* FMDatabaseAdditions.m */ = {isa = PBXFileReference; fileEncoding = 4; lastKnownFileType = sourcecode.c.objc; path = FMDatabaseAdditions.m; sourceTree = "<group>"; };
		B6BF536516478000001CA513 /* FMDatabasePool.h */ = {isa = PBXFileReference; fileEncoding = 4; lastKnownFileType = sourcecode.c.h; path = FMDatabasePool.h; sourceTree = "<group>"; };
		B6BF536616478000001CA513 /* FMDatabasePool.m */ = {isa = PBXFileReference; fileEncoding = 4; lastKnownFileType = sourcecode.c.objc; path = FMDatabasePool.m; sourceTree = "<group>"; };
		B6BF536716478000001CA513 /* FMDatabaseQueue.h */ = {isa = PBXFileReference; fileEncoding = 4; lastKnownFileType = sourcecode.c.h; path = FMDatabaseQueue.h; sourceTree = "<group>"; };
		B6BF536816478000001CA513 /* FMDatabaseQueue.m */ = {isa = PBXFileReference; fileEncoding = 4; lastKnownFileType = sourcecode.c.objc; path = FMDatabaseQueue.m; sourceTree = "<group>"; };
		B6BF536A16478000001CA513 /* FMResultSet.h */ = {isa = PBXFileReference; fileEncoding = 4; lastKnownFileType = sourcecode.c.h; path = FMResultSet.h; sourceTree = "<group>"; };
		B6BF536B16478000001CA513 /* FMResultSet.m */ = {isa = PBXFileReference; fileEncoding = 4; lastKnownFileType = sourcecode.c.objc; path = FMResultSet.m; sourceTree = "<group>"; };
		B6BF537A16478A0A001CA513 /* ZYTestDAO.h */ = {isa = PBXFileReference; fileEncoding = 4; lastKnownFileType = sourcecode.c.h; name = ZYTestDAO.h; path = DAO/ZYTestDAO.h; sourceTree = "<group>"; };
		B6BF537B16478A0A001CA513 /* ZYTestDAO.m */ = {isa = PBXFileReference; fileEncoding = 4; lastKnownFileType = sourcecode.c.objc; name = ZYTestDAO.m; path = DAO/ZYTestDAO.m; sourceTree = "<group>"; };
		B6BF537E16478D50001CA513 /* ZYTestModel.h */ = {isa = PBXFileReference; fileEncoding = 4; lastKnownFileType = sourcecode.c.h; name = ZYTestModel.h; path = model/ZYTestModel.h; sourceTree = "<group>"; };
		B6BF537F16478D50001CA513 /* ZYTestModel.m */ = {isa = PBXFileReference; fileEncoding = 4; lastKnownFileType = sourcecode.c.objc; name = ZYTestModel.m; path = model/ZYTestModel.m; sourceTree = "<group>"; };
		B6BF5381164795B0001CA513 /* BaseDao.h */ = {isa = PBXFileReference; fileEncoding = 4; lastKnownFileType = sourcecode.c.h; name = BaseDao.h; path = DAO/BaseDao.h; sourceTree = "<group>"; };
		B6BF5382164795B0001CA513 /* BaseDao.m */ = {isa = PBXFileReference; fileEncoding = 4; lastKnownFileType = sourcecode.c.objc; name = BaseDao.m; path = DAO/BaseDao.m; sourceTree = "<group>"; };
		B6D652B8163B9E6100F888DF /* ZYRightViewController.h */ = {isa = PBXFileReference; fileEncoding = 4; lastKnownFileType = sourcecode.c.h; path = ZYRightViewController.h; sourceTree = "<group>"; };
		B6D652B9163B9E6100F888DF /* ZYRightViewController.m */ = {isa = PBXFileReference; fileEncoding = 4; lastKnownFileType = sourcecode.c.objc; path = ZYRightViewController.m; sourceTree = "<group>"; };
		B6DC6607163EACDA00244922 /* ZYSettingViewController.h */ = {isa = PBXFileReference; fileEncoding = 4; lastKnownFileType = sourcecode.c.h; path = ZYSettingViewController.h; sourceTree = "<group>"; };
		B6DC6608163EACDA00244922 /* ZYSettingViewController.m */ = {isa = PBXFileReference; fileEncoding = 4; lastKnownFileType = sourcecode.c.objc; path = ZYSettingViewController.m; sourceTree = "<group>"; };
/* End PBXFileReference section */

/* Begin PBXFrameworksBuildPhase section */
		B69DAC23163665C700CB4AA7 /* Frameworks */ = {
			isa = PBXFrameworksBuildPhase;
			buildActionMask = 2147483647;
			files = (
				B67961751647A5CD009498EE /* libsqlite3.0.dylib in Frameworks */,
				B676439316426787006D1B9F /* QuickLook.framework in Frameworks */,
				B667D8501638D6DD003262E4 /* QuartzCore.framework in Frameworks */,
				B69DAC2B163665C700CB4AA7 /* UIKit.framework in Frameworks */,
				B69DAC2D163665C700CB4AA7 /* Foundation.framework in Frameworks */,
				B69DAC2F163665C700CB4AA7 /* CoreGraphics.framework in Frameworks */,
			);
			runOnlyForDeploymentPostprocessing = 0;
		};
/* End PBXFrameworksBuildPhase section */

/* Begin PBXGroup section */
		B667D7F91638CA45003262E4 /* images */ = {
			isa = PBXGroup;
			children = (
				B667D7FA1638CA45003262E4 /* 1 */,
				B667D8161638CA45003262E4 /* 2 */,
				B667D81F1638CA45003262E4 /* 3 */,
			);
			path = images;
			sourceTree = "<group>";
		};
		B667D7FA1638CA45003262E4 /* 1 */ = {
			isa = PBXGroup;
			children = (
				B676437216423D8F006D1B9F /* button_plus_big.png */,
				B67643701641F951006D1B9F /* title_4.png */,
				B676436B1641F7C0006D1B9F /* 在线调查.png */,
				B676436C1641F7C0006D1B9F /* 在线考试.png */,
				B667D862163915B6003262E4 /* title_1.png */,
				B667D863163915B6003262E4 /* title_2.png */,
				B667D864163915B6003262E4 /* title_3.png */,
				B667D85D1638DC38003262E4 /* button_word.png */,
				B667D8511638DBC2003262E4 /* title_1a.png */,
				B667D8521638DBC2003262E4 /* title_1b.png */,
				B667D8531638DBC2003262E4 /* title_2a.png */,
				B667D8541638DBC2003262E4 /* title_2b.png */,
				B667D8551638DBC2003262E4 /* title_3a.png */,
				B667D8561638DBC2003262E4 /* title_3b.png */,
				B667D7FB1638CA45003262E4 /* background01_bottom.png */,
				B667D7FC1638CA45003262E4 /* background01_column.png */,
				B667D7FD1638CA45003262E4 /* background01_column2.png */,
				B667D7FE1638CA45003262E4 /* background01_left.png */,
				B667D7FF1638CA45003262E4 /* background01_right.png */,
				B667D8001638CA45003262E4 /* background01_top.png */,
				B667D8011638CA45003262E4 /* background_01.png */,
				B667D8021638CA45003262E4 /* background_02.png */,
				B667D8031638CA45003262E4 /* background_03.png */,
				B667D8041638CA45003262E4 /* background_04.png */,
				B667D8051638CA45003262E4 /* background_05.png */,
				B667D8061638CA45003262E4 /* button-close.png */,
				B667D8071638CA45003262E4 /* button_01.png */,
				B667D8081638CA45003262E4 /* button_02.png */,
				B667D8091638CA45003262E4 /* button_03.png */,
				B667D80A1638CA45003262E4 /* button_04.png */,
				B667D80B1638CA45003262E4 /* button_plus.png */,
				B667D80C1638CA45003262E4 /* close.png */,
				B667D80D1638CA45003262E4 /* course.png */,
				B667D80E1638CA45003262E4 /* date.png */,
				B667D80F1638CA45003262E4 /* icon01.png */,
				B667D8101638CA45003262E4 /* logo.png */,
				B667D8111638CA45003262E4 /* refresh.png */,
				B667D8121638CA45003262E4 /* set-up.png */,
			);
			path = 1;
			sourceTree = "<group>";
		};
		B667D8161638CA45003262E4 /* 2 */ = {
			isa = PBXGroup;
			children = (
				B667D8171638CA45003262E4 /* background02.png */,
				B667D8181638CA45003262E4 /* background02_br.png */,
				B667D8191638CA45003262E4 /* background02_line.png */,
				B667D81A1638CA45003262E4 /* background02_line2.png */,
				B667D81B1638CA45003262E4 /* background02_shading.png */,
				B667D81C1638CA45003262E4 /* file_br.png */,
				B667D81D1638CA45003262E4 /* head.png */,
				B667D81E1638CA45003262E4 /* title_br.png */,
			);
			path = 2;
			sourceTree = "<group>";
		};
		B667D81F1638CA45003262E4 /* 3 */ = {
			isa = PBXGroup;
			children = (
				B667D8201638CA45003262E4 /* approval.png */,
				B667D8211638CA45003262E4 /* button-close2.png */,
				B667D8221638CA45003262E4 /* heart.png */,
				B667D8231638CA45003262E4 /* narrow.png */,
			);
			path = 3;
			sourceTree = "<group>";
		};
		B676437B16426449006D1B9F /* classes */ = {
			isa = PBXGroup;
			children = (
				B6BF536016478000001CA513 /* FMDB */,
				B676437C16426459006D1B9F /* RBFilePreviewer */,
			);
			name = classes;
			sourceTree = "<group>";
		};
		B676437C16426459006D1B9F /* RBFilePreviewer */ = {
			isa = PBXGroup;
			children = (
				B676437D16426459006D1B9F /* NSString+RBExtras.h */,
				B676437E16426459006D1B9F /* NSString+RBExtras.m */,
				B676437F16426459006D1B9F /* NSURL+RBExtras.h */,
				B676438016426459006D1B9F /* NSURL+RBExtras.m */,
				B676438116426459006D1B9F /* RBBaseFileGenerator.h */,
				B676438216426459006D1B9F /* RBBaseFileGenerator.m */,
				B676438316426459006D1B9F /* RBFile.h */,
				B676438416426459006D1B9F /* RBFile.m */,
				B676438516426459006D1B9F /* RBFileGenerator.h */,
				B676438616426459006D1B9F /* RBFilePreviewer.h */,
				B676438716426459006D1B9F /* RBFilePreviewer.m */,
				B676438816426459006D1B9F /* UIImage+BBlock.h */,
				B676438916426459006D1B9F /* UIImage+BBlock.m */,
			);
			name = RBFilePreviewer;
			path = classes/RBFilePreviewer;
			sourceTree = "<group>";
		};
		B69DAC1B163665C700CB4AA7 = {
			isa = PBXGroup;
			children = (
				B69DAC30163665C700CB4AA7 /* BoYuEducation */,
				B69DAC29163665C700CB4AA7 /* Frameworks */,
				B69DAC27163665C700CB4AA7 /* Products */,
			);
			sourceTree = "<group>";
		};
		B69DAC27163665C700CB4AA7 /* Products */ = {
			isa = PBXGroup;
			children = (
				B69DAC26163665C700CB4AA7 /* BoYuEducation.app */,
			);
			name = Products;
			sourceTree = "<group>";
		};
		B69DAC29163665C700CB4AA7 /* Frameworks */ = {
			isa = PBXGroup;
			children = (
				B67961741647A5CD009498EE /* libsqlite3.0.dylib */,
				B676439216426787006D1B9F /* QuickLook.framework */,
				B667D84F1638D6DD003262E4 /* QuartzCore.framework */,
				B69DAC2A163665C700CB4AA7 /* UIKit.framework */,
				B69DAC2C163665C700CB4AA7 /* Foundation.framework */,
				B69DAC2E163665C700CB4AA7 /* CoreGraphics.framework */,
			);
			name = Frameworks;
			sourceTree = "<group>";
		};
		B69DAC30163665C700CB4AA7 /* BoYuEducation */ = {
			isa = PBXGroup;
			children = (
				B6BF537D16478C8B001CA513 /* model */,
				B6BF53721647887D001CA513 /* DAO */,
				B676437B16426449006D1B9F /* classes */,
				B667D7F91638CA45003262E4 /* images */,
				B6764390164265BB006D1B9F /* TaoBao客户端高性能高稳定性应用框架 .pdf */,
				B69DAC39163665C700CB4AA7 /* ZYAppDelegate.h */,
				B69DAC3A163665C700CB4AA7 /* ZYAppDelegate.m */,
				B69DAC3C163665C700CB4AA7 /* MainStoryboard.storyboard */,
				B667D85F16390DFC003262E4 /* ZYMenuView.h */,
				B667D86016390DFC003262E4 /* ZYMenuView.m */,
				B667D8681639287E003262E4 /* ZYCenterView.h */,
				B667D8691639287E003262E4 /* ZYCenterView.m */,
				B6647845163A4BCA00EEB5D9 /* ZYCenterTableView.h */,
				B6647846163A4BCA00EEB5D9 /* ZYCenterTableView.m */,
				B619DBCE163A9CFD00D0CEAB /* ZYRightView.h */,
				B619DBCF163A9CFD00D0CEAB /* ZYRightView.m */,
				B6D652B8163B9E6100F888DF /* ZYRightViewController.h */,
				B6D652B9163B9E6100F888DF /* ZYRightViewController.m */,
				B6126AF51637AFDC00F2FDF0 /* ZYAppView.h */,
				B6126AF61637AFDC00F2FDF0 /* ZYAppView.m */,
				B6126AF91637B4C000F2FDF0 /* ZYGridView.h */,
				B6126AFA1637B4C000F2FDF0 /* ZYGridView.m */,
				B6DC6607163EACDA00244922 /* ZYSettingViewController.h */,
				B6DC6608163EACDA00244922 /* ZYSettingViewController.m */,
				B6BA6E3E163F75060019646D /* ZYTableViewCell.h */,
				B6BA6E3F163F75060019646D /* ZYTableViewCell.m */,
				B69DAC3F163665C700CB4AA7 /* ZYViewController.h */,
				B69DAC40163665C700CB4AA7 /* ZYViewController.m */,
				B69DAC31163665C700CB4AA7 /* Supporting Files */,
			);
			path = BoYuEducation;
			sourceTree = "<group>";
		};
		B69DAC31163665C700CB4AA7 /* Supporting Files */ = {
			isa = PBXGroup;
			children = (
				B679616916479FF6009498EE /* BoYuEdu.sqlite */,
				B69DAC32163665C700CB4AA7 /* BoYuEducation-Info.plist */,
				B69DAC33163665C700CB4AA7 /* InfoPlist.strings */,
				B69DAC36163665C700CB4AA7 /* main.m */,
				B69DAC38163665C700CB4AA7 /* BoYuEducation-Prefix.pch */,
			);
			name = "Supporting Files";
			sourceTree = "<group>";
		};
		B6BF536016478000001CA513 /* FMDB */ = {
			isa = PBXGroup;
			children = (
				B6BF536116478000001CA513 /* FMDatabase.h */,
				B6BF536216478000001CA513 /* FMDatabase.m */,
				B6BF536316478000001CA513 /* FMDatabaseAdditions.h */,
				B6BF536416478000001CA513 /* FMDatabaseAdditions.m */,
				B6BF536516478000001CA513 /* FMDatabasePool.h */,
				B6BF536616478000001CA513 /* FMDatabasePool.m */,
				B6BF536716478000001CA513 /* FMDatabaseQueue.h */,
				B6BF536816478000001CA513 /* FMDatabaseQueue.m */,
				B6BF536A16478000001CA513 /* FMResultSet.h */,
				B6BF536B16478000001CA513 /* FMResultSet.m */,
			);
			name = FMDB;
			path = classes/FMDB;
			sourceTree = "<group>";
		};
		B6BF53721647887D001CA513 /* DAO */ = {
			isa = PBXGroup;
			children = (
				B6BF5381164795B0001CA513 /* BaseDao.h */,
				B6BF5382164795B0001CA513 /* BaseDao.m */,
				B6BF537A16478A0A001CA513 /* ZYTestDAO.h */,
				B6BF537B16478A0A001CA513 /* ZYTestDAO.m */,
			);
			name = DAO;
			sourceTree = "<group>";
		};
		B6BF537D16478C8B001CA513 /* model */ = {
			isa = PBXGroup;
			children = (
				B6BF537E16478D50001CA513 /* ZYTestModel.h */,
				B6BF537F16478D50001CA513 /* ZYTestModel.m */,
				B67961761647D4BC009498EE /* Model_pExchangeRate.h */,
				B67961771647D4BC009498EE /* Model_pExchangeRate.m */,
				B67961791647D579009498EE /* Model_pForwardExchangeRate.h */,
				B679617A1647D579009498EE /* Model_pForwardExchangeRate.m */,
				B679617C1647D5C0009498EE /* Model_pFund.h */,
				B679617D1647D5C0009498EE /* Model_pFund.m */,
				B679617F1647D5FA009498EE /* Model_pInterestRate.h */,
				B67961801647D5FA009498EE /* Model_pInterestRate.m */,
				B67961821647D632009498EE /* Model_tAttch.h */,
				B67961831647D632009498EE /* Model_tAttch.m */,
				B67961851647D64B009498EE /* Model_tDic.h */,
				B67961861647D64B009498EE /* Model_tDic.m */,
				B67961881647D672009498EE /* Model_tLesson.h */,
				B67961891647D672009498EE /* Model_tLesson.m */,
				B679618B1647D68B009498EE /* Model_tPara.h */,
				B679618C1647D68B009498EE /* Model_tPara.m */,
				B679618E1647D6A4009498EE /* Model_tSearchAnswer.h */,
				B679618F1647D6A4009498EE /* Model_tSearchAnswer.m */,
				B67961911647D6BF009498EE /* Model_tSearchOption.h */,
				B67961921647D6C0009498EE /* Model_tSearchOption.m */,
				B67961941647D6DA009498EE /* Model_tSearchQuestion.h */,
				B67961951647D6DA009498EE /* Model_tSearchQuestion.m */,
				B67961971647D6FB009498EE /* Model_tSearchTopic.h */,
				B67961981647D6FB009498EE /* Model_tSearchTopic.m */,
				B679619A1647D70E009498EE /* Model_tStudent.h */,
				B679619B1647D70E009498EE /* Model_tStudent.m */,
				B679619D1647D723009498EE /* Model_tTeacher.h */,
				B679619E1647D723009498EE /* Model_tTeacher.m */,
				B67961A01647D736009498EE /* Model_tTrain.h */,
				B67961A11647D737009498EE /* Model_tTrain.m */,
				B67961A31647D748009498EE /* Model_tTrainday.h */,
				B67961A41647D749009498EE /* Model_tTrainday.m */,
			);
			name = model;
			sourceTree = "<group>";
		};
/* End PBXGroup section */

/* Begin PBXNativeTarget section */
		B69DAC25163665C700CB4AA7 /* BoYuEducation */ = {
			isa = PBXNativeTarget;
			buildConfigurationList = B69DAC44163665C700CB4AA7 /* Build configuration list for PBXNativeTarget "BoYuEducation" */;
			buildPhases = (
				B69DAC22163665C700CB4AA7 /* Sources */,
				B69DAC23163665C700CB4AA7 /* Frameworks */,
				B69DAC24163665C700CB4AA7 /* Resources */,
			);
			buildRules = (
			);
			dependencies = (
			);
			name = BoYuEducation;
			productName = BoYuEducation;
			productReference = B69DAC26163665C700CB4AA7 /* BoYuEducation.app */;
			productType = "com.apple.product-type.application";
		};
/* End PBXNativeTarget section */

/* Begin PBXProject section */
		B69DAC1D163665C700CB4AA7 /* Project object */ = {
			isa = PBXProject;
			attributes = {
				CLASSPREFIX = ZY;
				LastUpgradeCheck = 0430;
			};
			buildConfigurationList = B69DAC20163665C700CB4AA7 /* Build configuration list for PBXProject "BoYuEducation" */;
			compatibilityVersion = "Xcode 3.2";
			developmentRegion = English;
			hasScannedForEncodings = 0;
			knownRegions = (
				en,
			);
			mainGroup = B69DAC1B163665C700CB4AA7;
			productRefGroup = B69DAC27163665C700CB4AA7 /* Products */;
			projectDirPath = "";
			projectRoot = "";
			targets = (
				B69DAC25163665C700CB4AA7 /* BoYuEducation */,
			);
		};
/* End PBXProject section */

/* Begin PBXResourcesBuildPhase section */
		B69DAC24163665C700CB4AA7 /* Resources */ = {
			isa = PBXResourcesBuildPhase;
			buildActionMask = 2147483647;
			files = (
				B69DAC35163665C700CB4AA7 /* InfoPlist.strings in Resources */,
				B69DAC3E163665C700CB4AA7 /* MainStoryboard.storyboard in Resources */,
				B667D8241638CA45003262E4 /* background01_bottom.png in Resources */,
				B667D8251638CA45003262E4 /* background01_column.png in Resources */,
				B667D8261638CA45003262E4 /* background01_column2.png in Resources */,
				B667D8271638CA45003262E4 /* background01_left.png in Resources */,
				B667D8281638CA45003262E4 /* background01_right.png in Resources */,
				B667D8291638CA45003262E4 /* background01_top.png in Resources */,
				B667D82A1638CA45003262E4 /* background_01.png in Resources */,
				B667D82B1638CA45003262E4 /* background_02.png in Resources */,
				B667D82C1638CA45003262E4 /* background_03.png in Resources */,
				B667D82D1638CA45003262E4 /* background_04.png in Resources */,
				B667D82E1638CA45003262E4 /* background_05.png in Resources */,
				B667D82F1638CA45003262E4 /* button-close.png in Resources */,
				B667D8301638CA45003262E4 /* button_01.png in Resources */,
				B667D8311638CA45003262E4 /* button_02.png in Resources */,
				B667D8321638CA45003262E4 /* button_03.png in Resources */,
				B667D8331638CA45003262E4 /* button_04.png in Resources */,
				B667D8341638CA45003262E4 /* button_plus.png in Resources */,
				B667D8351638CA45003262E4 /* close.png in Resources */,
				B667D8361638CA45003262E4 /* course.png in Resources */,
				B667D8371638CA45003262E4 /* date.png in Resources */,
				B667D8381638CA45003262E4 /* icon01.png in Resources */,
				B667D8391638CA45003262E4 /* logo.png in Resources */,
				B667D83A1638CA45003262E4 /* refresh.png in Resources */,
				B667D83B1638CA45003262E4 /* set-up.png in Resources */,
				B667D83F1638CA45003262E4 /* background02.png in Resources */,
				B667D8401638CA45003262E4 /* background02_br.png in Resources */,
				B667D8411638CA45003262E4 /* background02_line.png in Resources */,
				B667D8421638CA45003262E4 /* background02_line2.png in Resources */,
				B667D8431638CA45003262E4 /* background02_shading.png in Resources */,
				B667D8441638CA45003262E4 /* file_br.png in Resources */,
				B667D8451638CA45003262E4 /* head.png in Resources */,
				B667D8461638CA45003262E4 /* title_br.png in Resources */,
				B667D8471638CA45003262E4 /* approval.png in Resources */,
				B667D8481638CA45003262E4 /* button-close2.png in Resources */,
				B667D8491638CA45003262E4 /* heart.png in Resources */,
				B667D84A1638CA45003262E4 /* narrow.png in Resources */,
				B667D8571638DBC2003262E4 /* title_1a.png in Resources */,
				B667D8581638DBC2003262E4 /* title_1b.png in Resources */,
				B667D8591638DBC2003262E4 /* title_2a.png in Resources */,
				B667D85A1638DBC2003262E4 /* title_2b.png in Resources */,
				B667D85B1638DBC2003262E4 /* title_3a.png in Resources */,
				B667D85C1638DBC2003262E4 /* title_3b.png in Resources */,
				B667D85E1638DC38003262E4 /* button_word.png in Resources */,
				B667D865163915B6003262E4 /* title_1.png in Resources */,
				B667D866163915B6003262E4 /* title_2.png in Resources */,
				B667D867163915B6003262E4 /* title_3.png in Resources */,
				B676436D1641F7C0006D1B9F /* 在线调查.png in Resources */,
				B676436E1641F7C0006D1B9F /* 在线考试.png in Resources */,
				B67643711641F951006D1B9F /* title_4.png in Resources */,
				B676437316423D8F006D1B9F /* button_plus_big.png in Resources */,
				B6764391164265BB006D1B9F /* TaoBao客户端高性能高稳定性应用框架 .pdf in Resources */,
				B679616A16479FF6009498EE /* BoYuEdu.sqlite in Resources */,
			);
			runOnlyForDeploymentPostprocessing = 0;
		};
/* End PBXResourcesBuildPhase section */

/* Begin PBXSourcesBuildPhase section */
		B69DAC22163665C700CB4AA7 /* Sources */ = {
			isa = PBXSourcesBuildPhase;
			buildActionMask = 2147483647;
			files = (
				B69DAC37163665C700CB4AA7 /* main.m in Sources */,
				B69DAC3B163665C700CB4AA7 /* ZYAppDelegate.m in Sources */,
				B69DAC41163665C700CB4AA7 /* ZYViewController.m in Sources */,
				B6126AF71637AFDC00F2FDF0 /* ZYAppView.m in Sources */,
				B6126AFB1637B4C000F2FDF0 /* ZYGridView.m in Sources */,
				B667D86116390DFC003262E4 /* ZYMenuView.m in Sources */,
				B667D86A1639287E003262E4 /* ZYCenterView.m in Sources */,
				B6647847163A4BCA00EEB5D9 /* ZYCenterTableView.m in Sources */,
				B619DBD0163A9CFD00D0CEAB /* ZYRightView.m in Sources */,
				B6D652BA163B9E6100F888DF /* ZYRightViewController.m in Sources */,
				B6DC6609163EACDA00244922 /* ZYSettingViewController.m in Sources */,
				B6BA6E40163F75060019646D /* ZYTableViewCell.m in Sources */,
				B676438A16426459006D1B9F /* NSString+RBExtras.m in Sources */,
				B676438B16426459006D1B9F /* NSURL+RBExtras.m in Sources */,
				B676438C16426459006D1B9F /* RBBaseFileGenerator.m in Sources */,
				B676438D16426459006D1B9F /* RBFile.m in Sources */,
				B676438E16426459006D1B9F /* RBFilePreviewer.m in Sources */,
				B676438F16426459006D1B9F /* UIImage+BBlock.m in Sources */,
				B6BF536C16478000001CA513 /* FMDatabase.m in Sources */,
				B6BF536D16478000001CA513 /* FMDatabaseAdditions.m in Sources */,
				B6BF536E16478000001CA513 /* FMDatabasePool.m in Sources */,
				B6BF536F16478000001CA513 /* FMDatabaseQueue.m in Sources */,
				B6BF537116478000001CA513 /* FMResultSet.m in Sources */,
				B6BF537C16478A0A001CA513 /* ZYTestDAO.m in Sources */,
				B6BF538016478D50001CA513 /* ZYTestModel.m in Sources */,
				B6BF5383164795B0001CA513 /* BaseDao.m in Sources */,
				B67961781647D4BC009498EE /* Model_pExchangeRate.m in Sources */,
				B679617B1647D579009498EE /* Model_pForwardExchangeRate.m in Sources */,
				B679617E1647D5C0009498EE /* Model_pFund.m in Sources */,
				B67961811647D5FA009498EE /* Model_pInterestRate.m in Sources */,
				B67961841647D632009498EE /* Model_tAttch.m in Sources */,
				B67961871647D64B009498EE /* Model_tDic.m in Sources */,
				B679618A1647D672009498EE /* Model_tLesson.m in Sources */,
				B679618D1647D68B009498EE /* Model_tPara.m in Sources */,
				B67961901647D6A5009498EE /* Model_tSearchAnswer.m in Sources */,
				B67961931647D6C0009498EE /* Model_tSearchOption.m in Sources */,
				B67961961647D6DA009498EE /* Model_tSearchQuestion.m in Sources */,
				B67961991647D6FB009498EE /* Model_tSearchTopic.m in Sources */,
				B679619C1647D70F009498EE /* Model_tStudent.m in Sources */,
				B679619F1647D724009498EE /* Model_tTeacher.m in Sources */,
				B67961A21647D737009498EE /* Model_tTrain.m in Sources */,
				B67961A51647D749009498EE /* Model_tTrainday.m in Sources */,
			);
			runOnlyForDeploymentPostprocessing = 0;
		};
/* End PBXSourcesBuildPhase section */

/* Begin PBXVariantGroup section */
		B69DAC33163665C700CB4AA7 /* InfoPlist.strings */ = {
			isa = PBXVariantGroup;
			children = (
				B69DAC34163665C700CB4AA7 /* en */,
				B676437916425470006D1B9F /* zh-Hans */,
			);
			name = InfoPlist.strings;
			sourceTree = "<group>";
		};
		B69DAC3C163665C700CB4AA7 /* MainStoryboard.storyboard */ = {
			isa = PBXVariantGroup;
			children = (
				B69DAC3D163665C700CB4AA7 /* en */,
				B676437A16425470006D1B9F /* zh-Hans */,
			);
			name = MainStoryboard.storyboard;
			sourceTree = "<group>";
		};
/* End PBXVariantGroup section */

/* Begin XCBuildConfiguration section */
		B69DAC42163665C700CB4AA7 /* Debug */ = {
			isa = XCBuildConfiguration;
			buildSettings = {
				ALWAYS_SEARCH_USER_PATHS = NO;
				ARCHS = "$(ARCHS_STANDARD_32_BIT)";
				"CODE_SIGN_IDENTITY[sdk=iphoneos*]" = "iPhone Developer";
				COPY_PHASE_STRIP = NO;
				GCC_C_LANGUAGE_STANDARD = gnu99;
				GCC_DYNAMIC_NO_PIC = NO;
				GCC_OPTIMIZATION_LEVEL = 0;
				GCC_PREPROCESSOR_DEFINITIONS = (
					"DEBUG=1",
					"$(inherited)",
				);
				GCC_SYMBOLS_PRIVATE_EXTERN = NO;
				GCC_VERSION = com.apple.compilers.llvm.clang.1_0;
				GCC_WARN_ABOUT_RETURN_TYPE = YES;
				GCC_WARN_UNINITIALIZED_AUTOS = YES;
				GCC_WARN_UNUSED_VARIABLE = YES;
				IPHONEOS_DEPLOYMENT_TARGET = 5.1;
				SDKROOT = iphoneos;
				TARGETED_DEVICE_FAMILY = 2;
			};
			name = Debug;
		};
		B69DAC43163665C700CB4AA7 /* Release */ = {
			isa = XCBuildConfiguration;
			buildSettings = {
				ALWAYS_SEARCH_USER_PATHS = NO;
				ARCHS = "$(ARCHS_STANDARD_32_BIT)";
				"CODE_SIGN_IDENTITY[sdk=iphoneos*]" = "iPhone Developer";
				COPY_PHASE_STRIP = YES;
				GCC_C_LANGUAGE_STANDARD = gnu99;
				GCC_VERSION = com.apple.compilers.llvm.clang.1_0;
				GCC_WARN_ABOUT_RETURN_TYPE = YES;
				GCC_WARN_UNINITIALIZED_AUTOS = YES;
				GCC_WARN_UNUSED_VARIABLE = YES;
				IPHONEOS_DEPLOYMENT_TARGET = 5.1;
				OTHER_CFLAGS = "-DNS_BLOCK_ASSERTIONS=1";
				SDKROOT = iphoneos;
				TARGETED_DEVICE_FAMILY = 2;
				VALIDATE_PRODUCT = YES;
			};
			name = Release;
		};
		B69DAC45163665C700CB4AA7 /* Debug */ = {
			isa = XCBuildConfiguration;
			buildSettings = {
				GCC_PRECOMPILE_PREFIX_HEADER = YES;
				GCC_PREFIX_HEADER = "BoYuEducation/BoYuEducation-Prefix.pch";
				INFOPLIST_FILE = "BoYuEducation/BoYuEducation-Info.plist";
				PRODUCT_NAME = "$(TARGET_NAME)";
				WRAPPER_EXTENSION = app;
			};
			name = Debug;
		};
		B69DAC46163665C700CB4AA7 /* Release */ = {
			isa = XCBuildConfiguration;
			buildSettings = {
				GCC_PRECOMPILE_PREFIX_HEADER = YES;
				GCC_PREFIX_HEADER = "BoYuEducation/BoYuEducation-Prefix.pch";
				INFOPLIST_FILE = "BoYuEducation/BoYuEducation-Info.plist";
				PRODUCT_NAME = "$(TARGET_NAME)";
				WRAPPER_EXTENSION = app;
			};
			name = Release;
		};
/* End XCBuildConfiguration section */

/* Begin XCConfigurationList section */
		B69DAC20163665C700CB4AA7 /* Build configuration list for PBXProject "BoYuEducation" */ = {
			isa = XCConfigurationList;
			buildConfigurations = (
				B69DAC42163665C700CB4AA7 /* Debug */,
				B69DAC43163665C700CB4AA7 /* Release */,
			);
			defaultConfigurationIsVisible = 0;
			defaultConfigurationName = Release;
		};
		B69DAC44163665C700CB4AA7 /* Build configuration list for PBXNativeTarget "BoYuEducation" */ = {
			isa = XCConfigurationList;
			buildConfigurations = (
				B69DAC45163665C700CB4AA7 /* Debug */,
				B69DAC46163665C700CB4AA7 /* Release */,
			);
			defaultConfigurationIsVisible = 0;
			defaultConfigurationName = Release;
		};
/* End XCConfigurationList section */
	};
	rootObject = B69DAC1D163665C700CB4AA7 /* Project object */;
}
